{
  "requires": true,
  "lockfileVersion": 1,
  "dependencies": {
    "tinymce": {
      "version": "5.2.0",
      "resolved": "https://registry.npmjs.org/tinymce/-/tinymce-5.2.0.tgz",
      "integrity": "sha512-Q7KAu9sLB6TBhKFdb2LHPGy770zkSEjpN1VRqZ6pxNuVQ0mbGWgMocHDvM9XL9yJaOhFrJP6s9XM7zG2gapGpA=="
    }
  }
}
